schema: '2.0'
stages:
  IDG_SMILES-Water:
    cmd: zntrack run ipsuite.nodes.SmilesToAtoms --name IDG_SMILES-Water
    params:
      params.yaml:
        IDG_SMILES-Water:
          cell:
          optimizer: UFF
          seed: 1234
          smiles: O
    outs:
    - path: nodes/IDG/SMILES-Water/atoms.h5
      hash: md5
      md5: 18e1daf34a7a2c928ab218e8c24b835b
      size: 27968
    - path: nodes/IDG/SMILES-Water/molecule.png
      hash: md5
      md5: 2c85ac4512e25996742ce38d8d72c0dd
      size: 2793
    - path: nodes/IDG/SMILES-Water/node-meta.json
      hash: md5
      md5: dac919ea6c7d49fea31e31b53c5a5267
      size: 48
  IDG_Packmol:
    cmd: zntrack run ipsuite.nodes.Packmol --name IDG_Packmol
    deps:
    - path: nodes/IDG/SMILES-Water/atoms.h5
      hash: md5
      md5: 18e1daf34a7a2c928ab218e8c24b835b
      size: 27968
    - path: nodes/IDG/SMILES-Water/molecule.png
      hash: md5
      md5: 2c85ac4512e25996742ce38d8d72c0dd
      size: 2793
    - path: nodes/IDG/SMILES-Water/node-meta.json
      hash: md5
      md5: dac919ea6c7d49fea31e31b53c5a5267
      size: 48
    params:
      params.yaml:
        IDG_Packmol:
          box:
          count:
          - 100
          data_ids:
          density: 992.21
          pbc: true
          tolerance: 2.0
    outs:
    - path: nodes/IDG/Packmol/atoms.h5
      hash: md5
      md5: f2bbd5515d51f6df793a58b8bf786e85
      size: 37568
    - path: nodes/IDG/Packmol/node-meta.json
      hash: md5
      md5: d6d6ae7afd2fd3ad706e76cb6e66fffe
      size: 48
    - path: nodes/IDG/Packmol/packmol
      hash: md5
      md5: 20eddef3dad1e8ac1d31e396186f0779.dir
      size: 17316
      nfiles: 3
  IDG_ASEGeoOpt:
    cmd: zntrack run ipsuite.nodes.ASEGeoOpt --name IDG_ASEGeoOpt
    deps:
    - path: external/b1799dde-b87b-47c0-9678-af7fcf7b96e7.json
      hash: md5
      md5: accc8a2fcb83d05845ed506eebcf9623
      size: 48
    - path: nodes/IDG/Packmol/atoms.h5
      hash: md5
      md5: f2bbd5515d51f6df793a58b8bf786e85
      size: 37568
    - path: nodes/IDG/Packmol/node-meta.json
      hash: md5
      md5: d6d6ae7afd2fd3ad706e76cb6e66fffe
      size: 48
    - path: nodes/IDG/Packmol/packmol
      hash: md5
      md5: 20eddef3dad1e8ac1d31e396186f0779.dir
      size: 17316
      nfiles: 3
    params:
      params.yaml:
        IDG_ASEGeoOpt:
          data_id: 0
          dump_rate: 1000
          init_kwargs: {}
          maxstep:
          optimizer: FIRE
          repeat:
          - 1
          - 1
          - 1
          run_kwargs:
            fmax: 0.5
    outs:
    - path: nodes/IDG/ASEGeoOpt/model_outs
      hash: md5
      md5: 64586897446153f477c052dd0e2579ad.dir
      size: 11
      nfiles: 1
    - path: nodes/IDG/ASEGeoOpt/node-meta.json
      hash: md5
      md5: 84db918ba8cf9a7c7e789276e04081f5
      size: 48
    - path: nodes/IDG/ASEGeoOpt/structures.h5
      hash: md5
      md5: 1a3e6cf128b6798f9385aeabd7b3f74b
      size: 1395472
  MLP_MD_LangevinThermostat:
    cmd: zntrack run ipsuite.nodes.LangevinThermostat --name MLP_MD_LangevinThermostat
    params:
      params.yaml:
        MLP_MD_LangevinThermostat:
          friction: 0.01
          temperature: 300
          time_step: 0.5
    outs:
    - path: nodes/MLP_MD/LangevinThermostat/node-meta.json
      hash: md5
      md5: 9ebdd1ae9bebdaee777ce531ae345ea7
      size: 48
  MLP_MD_ASEMD:
    cmd: zntrack run ipsuite.nodes.ASEMD --name MLP_MD_ASEMD
    deps:
    - path: nodes/IDG/ASEGeoOpt/model_outs
      hash: md5
      md5: 64586897446153f477c052dd0e2579ad.dir
      size: 11
      nfiles: 1
    - path: nodes/IDG/ASEGeoOpt/node-meta.json
      hash: md5
      md5: 84db918ba8cf9a7c7e789276e04081f5
      size: 48
    - path: nodes/IDG/ASEGeoOpt/structures.h5
      hash: md5
      md5: 1a3e6cf128b6798f9385aeabd7b3f74b
      size: 1395472
    - path: nodes/MLP_MD/MixCalculator/atoms.h5
      hash: md5
      md5: 05499795ee4d40b6ab9b404dabf132cb
      size: 1257648
    - path: nodes/MLP_MD/MixCalculator/node-meta.json
      hash: md5
      md5: a2766e8fdae836c8be91af58f4779777
      size: 48
    params:
      params.yaml:
        MLP_MD_ASEMD:
          data_id: -1
          dump_rate: 100000
          pop_last: false
          repeat:
          - 1
          - 1
          - 1
          sampling_rate: 1
          seed: 42
          steps: 200000
          use_momenta: false
          wrap: false
        MLP_MD_ASEMD+thermostat:
          friction: 0.01
          temperature: 313.15
          time_step: 0.5
    outs:
    - path: nodes/MLP_MD/ASEMD/metrics_dict.csv
      hash: md5
      md5: 4dbbd72dc0ee455a3fa169e6e3649378
      size: 8765741
    - path: nodes/MLP_MD/ASEMD/model
      hash: md5
      md5: 64586897446153f477c052dd0e2579ad.dir
      size: 11
      nfiles: 1
    - path: nodes/MLP_MD/ASEMD/node-meta.json
      hash: md5
      md5: 518b430ec07bae7649d6986632f98ca5
      size: 48
    - path: nodes/MLP_MD/ASEMD/steps_before_stopping.json
      hash: md5
      md5: 6bb61e3b7bce0931da574d19d1d82c88
      size: 2
    - path: nodes/MLP_MD/ASEMD/structures.h5
      hash: md5
      md5: 8e12f96a23d87804b88f4a7e96d006c8
      size: 4829355328
  MLP_MD_TorchD3:
    cmd: zntrack run ipsuite.nodes.TorchD3 --name MLP_MD_TorchD3
    deps:
    - path: nodes/IDG/ASEGeoOpt/model_outs
      hash: md5
      md5: 64586897446153f477c052dd0e2579ad.dir
      size: 11
      nfiles: 1
    - path: nodes/IDG/ASEGeoOpt/node-meta.json
      hash: md5
      md5: eb41c4b97bdffbb00aaa3b5770f925ba
      size: 48
    - path: nodes/IDG/ASEGeoOpt/structures.h5
      hash: md5
      md5: 3eb65aa6a269c8488aa7ef9b345a53b8
      size: 1202752
    params:
      params.yaml:
        MLP_MD_TorchD3:
          abc: false
          cnthr: 8
          cutoff: 8
          damping: bj
          dtype: float32
          skin: 0.0
          xc: pbe
    outs:
    - path: nodes/MLP_MD/TorchD3/atoms.h5
      hash: md5
      md5: f0fe8eaab61cf9dafd4b0f759d712fa2
      size: 1207736
    - path: nodes/MLP_MD/TorchD3/node-meta.json
      hash: md5
      md5: 60ddf3a261526f52c6aee6e75e0f6477
      size: 48
  MLP_MD_MixCalculator:
    cmd: zntrack run ipsuite.nodes.MixCalculator --name MLP_MD_MixCalculator
    deps:
    - path: external/b1799dde-b87b-47c0-9678-af7fcf7b96e7.json
      hash: md5
      md5: accc8a2fcb83d05845ed506eebcf9623
      size: 48
    - path: nodes/IDG/ASEGeoOpt/model_outs
      hash: md5
      md5: 64586897446153f477c052dd0e2579ad.dir
      size: 11
      nfiles: 1
    - path: nodes/IDG/ASEGeoOpt/node-meta.json
      hash: md5
      md5: 84db918ba8cf9a7c7e789276e04081f5
      size: 48
    - path: nodes/IDG/ASEGeoOpt/structures.h5
      hash: md5
      md5: 1a3e6cf128b6798f9385aeabd7b3f74b
      size: 1395472
    params:
      params.yaml:
        MLP_MD_MixCalculator:
          methods: sum
        MLP_MD_MixCalculator+calculators+1:
          abc: false
          cnthr: 8
          cutoff: 8
          damping: bj
          dtype: float32
          skin: 0.0
          xc: pbe
    outs:
    - path: nodes/MLP_MD/MixCalculator/atoms.h5
      hash: md5
      md5: 05499795ee4d40b6ab9b404dabf132cb
      size: 1257648
    - path: nodes/MLP_MD/MixCalculator/node-meta.json
      hash: md5
      md5: a2766e8fdae836c8be91af58f4779777
      size: 48
